<?xml version="1.0" encoding="utf-8"?>
<Project ToolsVersion="4.0" xmlns="http://schemas.microsoft.com/developer/msbuild/2003">
  <ItemGroup>
    <Filter Include="Source Files">
      <UniqueIdentifier>{4FC737F1-C7A5-4376-A066-2A32D752A2FF}</UniqueIdentifier>
      <Extensions>cpp;c;cc;cxx;c++;cppm;ixx;def;odl;idl;hpj;bat;asm;asmx</Extensions>
    </Filter>
    <Filter Include="Header Files">
      <UniqueIdentifier>{93995380-89BD-4b04-88EB-625FBE52EBFB}</UniqueIdentifier>
      <Extensions>h;hh;hpp;hxx;h++;hm;inl;inc;ipp;xsd</Extensions>
    </Filter>
    <Filter Include="Resource Files">
      <UniqueIdentifier>{67DA6AB6-F800-4c08-8B7A-83BB121AAD01}</UniqueIdentifier>
      <Extensions>rc;ico;cur;bmp;dlg;rc2;rct;bin;rgs;gif;jpg;jpeg;jpe;resx;tiff;tif;png;wav;mfcribbon-ms</Extensions>
    </Filter>
    <Filter Include="Source Files\Fields">
      <UniqueIdentifier>{d27109e8-3cad-44ed-b54c-3a4377cc3545}</UniqueIdentifier>
    </Filter>
    <Filter Include="Source Files\Indexes">
      <UniqueIdentifier>{e59c4073-e26e-4ed3-919e-6a397cb7e6a5}</UniqueIdentifier>
    </Filter>
    <Filter Include="Source Files\Table">
      <UniqueIdentifier>{cc246cee-2136-499a-9aa6-051deffa046e}</UniqueIdentifier>
    </Filter>
    <Filter Include="Source Files\BlockManagers">
      <UniqueIdentifier>{66bdd241-b564-4b8b-ab1a-65a3cf78b6a4}</UniqueIdentifier>
    </Filter>
  </ItemGroup>
  <ItemGroup>
    <ClCompile Include="main.cpp">
      <Filter>Source Files</Filter>
    </ClCompile>
    <ClCompile Include="Block.cpp">
      <Filter>Source Files</Filter>
    </ClCompile>
    <ClCompile Include="Row.cpp">
      <Filter>Source Files</Filter>
    </ClCompile>
    <ClCompile Include="RowSchema.cpp">
      <Filter>Source Files</Filter>
    </ClCompile>
    <ClCompile Include="IndexManager.cpp">
      <Filter>Source Files</Filter>
    </ClCompile>
    <ClCompile Include="Index.cpp">
      <Filter>Source Files</Filter>
    </ClCompile>
    <ClCompile Include="IntField.cpp">
      <Filter>Source Files\Fields</Filter>
    </ClCompile>
    <ClCompile Include="HeapIndex.cpp">
      <Filter>Source Files\Indexes</Filter>
    </ClCompile>
    <ClCompile Include="Field.cpp">
      <Filter>Source Files\Fields</Filter>
    </ClCompile>
    <ClCompile Include="Table.cpp">
      <Filter>Source Files\Table</Filter>
    </ClCompile>
    <ClCompile Include="MemoryTable.cpp">
      <Filter>Source Files\Table</Filter>
    </ClCompile>
    <ClCompile Include="HashIndex.cpp">
      <Filter>Source Files\Indexes</Filter>
    </ClCompile>
    <ClCompile Include="BlockManager.cpp">
      <Filter>Source Files\BlockManagers</Filter>
    </ClCompile>
    <ClCompile Include="OpenAddressingBlockManager.cpp">
      <Filter>Source Files\BlockManagers</Filter>
    </ClCompile>
  </ItemGroup>
  <ItemGroup>
    <ClInclude Include="Table.h">
      <Filter>Header Files</Filter>
    </ClInclude>
    <ClInclude Include="Block.h">
      <Filter>Header Files</Filter>
    </ClInclude>
    <ClInclude Include="BlockManager.h">
      <Filter>Header Files</Filter>
    </ClInclude>
    <ClInclude Include="Row.h">
      <Filter>Header Files</Filter>
    </ClInclude>
    <ClInclude Include="Field.h">
      <Filter>Header Files</Filter>
    </ClInclude>
    <ClInclude Include="RowSchema.h">
      <Filter>Header Files</Filter>
    </ClInclude>
    <ClInclude Include="IndexManager.h">
      <Filter>Header Files</Filter>
    </ClInclude>
    <ClInclude Include="Index.h">
      <Filter>Header Files</Filter>
    </ClInclude>
    <ClInclude Include="IBlockUpdateObserver.h">
      <Filter>Header Files</Filter>
    </ClInclude>
  </ItemGroup>
</Project>